github.com/influxdata/line-protocol v0.0.0-20190220025226-a3afd890113f/go.mod h1:4kt73NQhadE3daL3WhR5EJ/J2ocX0PZzwxQ0gXJ7oFE=
github.com/influxdata/line-protocol v0.0.0-20190509173118-5712a8124a9a h1:p2OJKXyrNEo7OefeU+JNp1dpCOZJ8AOpJScpNK/MGDI=
github.com/influxdata/line-protocol v0.0.0-20190509173118-5712a8124a9a/go.mod h1:4kt73NQhadE3daL3WhR5EJ/J2ocX0PZzwxQ0gXJ7oFE=
